<?xml version="1.0" encoding="utf-8"?>
<Project xmlns="http://schemas.microsoft.com/developer/msbuild/2003" ToolsVersion="4.0">
  <ItemGroup>
    <Filter Include="Common">
      <UniqueIdentifier>{d13bc5b6-8b2b-d9e1-8f29-777db17cc563}</UniqueIdentifier>
    </Filter>
    <Filter Include="Common\Log">
      <UniqueIdentifier>{e8ebef2f-176a-ac26-f94d-8ecd3c3880d3}</UniqueIdentifier>
    </Filter>
    <Filter Include="Common\Math">
      <UniqueIdentifier>{b07e896d-468d-c5f8-05d9-e75f5f48d5c0}</UniqueIdentifier>
    </Filter>
    <Filter Include="Common\function">
      <UniqueIdentifier>{ea6807c6-336a-c497-b7fc-da160dcd0be5}</UniqueIdentifier>
    </Filter>
    <Filter Include="Dx12">
      <UniqueIdentifier>{e70cf635-884a-22dd-a39c-d9f8503a16d7}</UniqueIdentifier>
    </Filter>
    <Filter Include="Dx12\ShadowMap">
      <UniqueIdentifier>{a1b2c3d4-e5f6-7890-abcd-ef1234567812}</UniqueIdentifier>
    </Filter>
    <Filter Include="Dx12\CommandContext">
      <UniqueIdentifier>{1afb2bf6-89c0-3bb0-6fc3-887202984cc4}</UniqueIdentifier>
    </Filter>
    <Filter Include="Dx12\DepthStencil">
      <UniqueIdentifier>{ea4f7bbf-aef9-d192-30b0-e336468828b2}</UniqueIdentifier>
    </Filter>
    <Filter Include="Dx12\DescriptorHeap">
      <UniqueIdentifier>{f9280968-a246-04b2-2a7d-d41deaa9eece}</UniqueIdentifier>
    </Filter>
    <Filter Include="Dx12\Device">
      <UniqueIdentifier>{36b3aa6f-8047-6fd8-d6d7-6b41cf41295b}</UniqueIdentifier>
    </Filter>
    <Filter Include="Dx12\FixFps">
      <UniqueIdentifier>{c9c456ce-ffe6-5741-0a09-c3d4365cd115}</UniqueIdentifier>
    </Filter>
    <Filter Include="Dx12\GraphicsPipeline">
      <UniqueIdentifier>{c3614c11-ad14-54af-d933-e283a62db2b5}</UniqueIdentifier>
    </Filter>
    <Filter Include="Dx12\SRVManager">
      <UniqueIdentifier>{8752b8fe-d530-9aa0-88fb-6cf7a1d903e0}</UniqueIdentifier>
    </Filter>
    <Filter Include="Dx12\ShaderCompiler">
      <UniqueIdentifier>{a615952e-a30d-f98d-a250-f5d06046bb11}</UniqueIdentifier>
    </Filter>
    <Filter Include="Dx12\StructuredBufferManager">
      <UniqueIdentifier>{82d63c84-eeec-48f9-5d80-1307bd525ca8}</UniqueIdentifier>
    </Filter>
    <Filter Include="Dx12\SwapChain">
      <UniqueIdentifier>{be296877-7e89-3de2-810b-db40b175f3a8}</UniqueIdentifier>
    </Filter>
    <Filter Include="Graphics">
      <UniqueIdentifier>{d334dfce-a591-27be-dfcd-be0a3ee7f494}</UniqueIdentifier>
    </Filter>
    <Filter Include="Graphics\Light">
      <UniqueIdentifier>{f48c2bc6-f97d-b2c5-a7de-fed047dd0569}</UniqueIdentifier>
    </Filter>
    <Filter Include="Graphics\Light\Area">
      <UniqueIdentifier>{45118130-bf74-bf12-7453-f4b7e7843187}</UniqueIdentifier>
    </Filter>
    <Filter Include="Graphics\Light\Directional">
      <UniqueIdentifier>{b36a0bc7-0d9b-7657-ec05-5ecfa883c3ea}</UniqueIdentifier>
    </Filter>
    <Filter Include="Graphics\Light\Point">
      <UniqueIdentifier>{a5d26381-f493-284a-88ca-18c9f021093f}</UniqueIdentifier>
    </Filter>
    <Filter Include="Graphics\Light\Spot">
      <UniqueIdentifier>{cdcd3fd3-30ee-9ddf-9d63-369c9cc46504}</UniqueIdentifier>
    </Filter>
    <Filter Include="Graphics\Effect">
      <UniqueIdentifier>{e1b2c3d4-e5f6-7890-abcd-ef1234567890}</UniqueIdentifier>
    </Filter>
    <Filter Include="Graphics\PostProcess">
      <UniqueIdentifier>{d334dfce-a591-27be-dfcd-be0a3ee7f400}</UniqueIdentifier>
    </Filter>
    <Filter Include="Graphics\Model">
      <UniqueIdentifier>{5aca5f74-47db-b7e1-4076-c8b8b97cce7a}</UniqueIdentifier>
    </Filter>
    <Filter Include="Graphics\Primitive">
      <UniqueIdentifier>{1b23c465-fa22-e2c4-bdba-b651faa3a757}</UniqueIdentifier>
    </Filter>
    <Filter Include="Audio">
      <UniqueIdentifier>{df8e2667-e400-3cf9-3a77-5d67a3e97be5}</UniqueIdentifier>
    </Filter>
    <Filter Include="Graphics\Skydome">
      <UniqueIdentifier>{ee7c49c1-1940-41bc-2159-bab03e2f9f47}</UniqueIdentifier>
    </Filter>
    <Filter Include="Graphics\Skybox">
      <UniqueIdentifier>{cc8a1b2d-3e4f-5678-9abc-def012345678}</UniqueIdentifier>
    </Filter>
    <Filter Include="Graphics\Mesh">
      <UniqueIdentifier>{b1c2d3e4-f5a6-7890-abcd-ef1234567890}</UniqueIdentifier>
    </Filter>
    <Filter Include="Graphics\Font">
      <UniqueIdentifier>{263c4d18-2877-456c-9ecb-b92020e46943}</UniqueIdentifier>
    </Filter>
    <Filter Include="Graphics\Sprite">
      <UniqueIdentifier>{0e8b317f-e4fb-d7ea-1397-cf71255b0267}</UniqueIdentifier>
    </Filter>
    <Filter Include="Graphics\Texture">
      <UniqueIdentifier>{af33bdb5-9197-3c4d-0703-336c31882cfc}</UniqueIdentifier>
    </Filter>
    <Filter Include="Graphics\Texture\Texture2D">
      <UniqueIdentifier>{735afc2d-6de6-cc79-9fa7-05dfa2fad03d}</UniqueIdentifier>
    </Filter>
    <Filter Include="Graphics\Texture\TextureManager">
      <UniqueIdentifier>{9abdf6a9-8893-4354-bae6-d4b5b309bfa0}</UniqueIdentifier>
    </Filter>
    <Filter Include="ImGuiManager">
      <UniqueIdentifier>{10bc5787-da7b-da0f-4eac-5cb280402d6b}</UniqueIdentifier>
    </Filter>
    <Filter Include="Input">
      <UniqueIdentifier>{324118a6-721d-d6b8-a9b9-f4e327df2bf5}</UniqueIdentifier>
    </Filter>
    <Filter Include="Particle">
      <UniqueIdentifier>{5e9328c4-86b4-4b9a-58bc-a20f7f2064f4}</UniqueIdentifier>
    </Filter>
    <Filter Include="Particle\Circle">
      <UniqueIdentifier>{5e89450b-da6f-9e3f-6fce-cec32d88ab58}</UniqueIdentifier>
    </Filter>
    <Filter Include="Particle\Explosion">
      <UniqueIdentifier>{130a1c60-5b63-6ae1-e200-46598e6bb10e}</UniqueIdentifier>
    </Filter>
    <Filter Include="Particle\Fire">
      <UniqueIdentifier>{82837d29-b2d5-6054-31bb-435c6650ddda}</UniqueIdentifier>
    </Filter>
    <Filter Include="Particle\ImpactSpark">
      <UniqueIdentifier>{d9161c36-dcfa-8d46-114a-4c70902f7c99}</UniqueIdentifier>
    </Filter>
    <Filter Include="Particle\Flash">
      <UniqueIdentifier>{f1b2c3d4-e5f6-7890-abcd-ef1234567890}</UniqueIdentifier>
    </Filter>
    <Filter Include="Particle\Laser">
      <UniqueIdentifier>{e2cfe049-c146-467c-7194-704238997ad7}</UniqueIdentifier>
    </Filter>
    <Filter Include="Particle\Rain">
      <UniqueIdentifier>{f995c2da-91f0-12bf-c5ca-7f3921886833}</UniqueIdentifier>
    </Filter>
    <Filter Include="Particle\Snow">
      <UniqueIdentifier>{421bec07-7b9a-9399-f624-00f79312255e}</UniqueIdentifier>
    </Filter>
    <Filter Include="Particle\wind">
      <UniqueIdentifier>{2d94b704-767e-cd25-b910-dec5984dfa22}</UniqueIdentifier>
    </Filter>
    <Filter Include="Particle\Ring">
      <UniqueIdentifier>{a1b2c3d4-e5f6-7890-abcd-ef1234567800}</UniqueIdentifier>
    </Filter>
    <Filter Include="Particle\Cylinder">
      <UniqueIdentifier>{a1b2c3d4-e5f6-7890-abcd-ef1234567801}</UniqueIdentifier>
    </Filter>
    <Filter Include="Render">
      <UniqueIdentifier>{5e520da5-341f-2fec-6d3b-bfe7ef357922}</UniqueIdentifier>
    </Filter>
    <Filter Include="Render\Light">
      <UniqueIdentifier>{d746ceac-9724-2d08-9151-b9b114ddd923}</UniqueIdentifier>
    </Filter>
    <Filter Include="Render\Light\Area">
      <UniqueIdentifier>{a15caffb-fe5d-051e-ddce-e759c82a4df7}</UniqueIdentifier>
    </Filter>
    <Filter Include="Render\Light\Directional">
      <UniqueIdentifier>{80e53b83-cf70-c8fd-098c-88fd9f73e3d6}</UniqueIdentifier>
    </Filter>
    <Filter Include="Render\Light\Point">
      <UniqueIdentifier>{63d324ff-fb1e-8a6b-a349-332b4767b8c3}</UniqueIdentifier>
    </Filter>
    <Filter Include="Render\Light\Spot">
      <UniqueIdentifier>{75360f83-7368-08f5-316d-83ab852ca33c}</UniqueIdentifier>
    </Filter>
    <Filter Include="Render\Effect">
      <UniqueIdentifier>{6f1c2d7a-3b4e-4c5d-9e8f-0a1b2c3d4e5f}</UniqueIdentifier>
    </Filter>
    <Filter Include="Render\Model">
      <UniqueIdentifier>{ad2b9d8f-005b-f8bb-cef7-c4a633d7461a}</UniqueIdentifier>
    </Filter>
    <Filter Include="Render\Skydome">
      <UniqueIdentifier>{38a93e75-92a0-d64a-0172-0664be0cde5d}</UniqueIdentifier>
    </Filter>
    <Filter Include="Render\Skybox">
      <UniqueIdentifier>{bb9a2c3d-4e5f-6789-0abc-def123456789}</UniqueIdentifier>
    </Filter>
    <Filter Include="Render\Mesh">
      <UniqueIdentifier>{f1e2d3c4-b5a6-7890-abcd-ef0987654321}</UniqueIdentifier>
    </Filter>
    <Filter Include="Render\Font">
      <UniqueIdentifier>{6c5e171f-f861-4e68-b9de-d94700552c94}</UniqueIdentifier>
    </Filter>
    <Filter Include="Render\Sprite">
      <UniqueIdentifier>{a79c31e4-476c-db46-9f9a-17dfba8aeec7}</UniqueIdentifier>
    </Filter>
    <Filter Include="Render\Systems">
      <UniqueIdentifier>{a1b2c3d4-e5f6-7890-abcd-ef1234567890}</UniqueIdentifier>
    </Filter>
    <Filter Include="Resources">
      <UniqueIdentifier>{ddcf50c2-9294-d441-4f3f-7c1bbc892cb5}</UniqueIdentifier>
    </Filter>
    <Filter Include="Resources\Shader">
      <UniqueIdentifier>{992709fc-4716-38e5-cfc8-01b92b877647}</UniqueIdentifier>
    </Filter>
    <Filter Include="Resources\Shader\Object3d">
      <UniqueIdentifier>{7e1f3ecc-8cd5-7f8e-9cea-98e6454c124a}</UniqueIdentifier>
    </Filter>
    <Filter Include="Resources\Shader\Particle">
      <UniqueIdentifier>{e16c3d54-ef2c-7b54-8bb1-f29e3d5dfc36}</UniqueIdentifier>
    </Filter>
    <Filter Include="Resources\Shader\Skybox">
      <UniqueIdentifier>{aa7b8c9d-0e1f-2345-6789-abcdef012345}</UniqueIdentifier>
    </Filter>
    <Filter Include="Window">
      <UniqueIdentifier>{c89686a3-87d2-b12b-3c72-9ce35a0bcb5b}</UniqueIdentifier>
    </Filter>
    <Filter Include="Camera">
      <UniqueIdentifier>{21e0079e-1921-43fc-9d68-b78712a20e8c}</UniqueIdentifier>
    </Filter>
    <Filter Include="Camera\DebugCamera">
      <UniqueIdentifier>{8b90aebf-c898-d332-b9c6-f1417ab85f4e}</UniqueIdentifier>
    </Filter>
    <Filter Include="Camera\MainCamera">
      <UniqueIdentifier>{cb64a2bf-ff92-5ad8-3bfc-77d72206776f}</UniqueIdentifier>
    </Filter>
    <Filter Include="Input\Controller">
      <UniqueIdentifier>{b5bb0a2c-b700-410d-bf6a-f6c3d9e86b4c}</UniqueIdentifier>
    </Filter>
    <Filter Include="Input\Mouse">
      <UniqueIdentifier>{e56f4783-34ad-4716-bed5-b82da3b6b7df}</UniqueIdentifier>
    </Filter>
    <Filter Include="Input\Keyboard">
      <UniqueIdentifier>{f475ecf4-8298-46d8-b588-26ca5dc50843}</UniqueIdentifier>
    </Filter>
    <Filter Include="Graphics\Texture\RenderTexture">
      <UniqueIdentifier>{25c84190-1157-48b4-9c65-58c37a545c42}</UniqueIdentifier>
    </Filter>
    <Filter Include="ECS">
      <UniqueIdentifier>{a2b3c4d5-e6f7-8901-abcd-ef2345678901}</UniqueIdentifier>
    </Filter>
  </ItemGroup>
  <ItemGroup>
    <ClCompile Include="..\Engine\Camera\DebugCamera\DebugCamera.cpp">
      <Filter>Camera\DebugCamera</Filter>
    </ClCompile>
    <ClCompile Include="..\Engine\Camera\MainCamera\MainCamera.cpp">
      <Filter>Camera\MainCamera</Filter>
    </ClCompile>
    <ClCompile Include="..\Engine\Common\Log\Log.cpp">
      <Filter>Common\Log</Filter>
    </ClCompile>
    <ClCompile Include="..\Engine\Common\Math\DynamicBVH.cpp">
      <Filter>Common\Math</Filter>
    </ClCompile>
    <ClCompile Include="..\Engine\Render\Model\ModelProxyPool.cpp">
      <Filter>Render\Model</Filter>
    </ClCompile>
    <ClCompile Include="..\Engine\Render\Model\ModelInstanceBatcher.cpp">
      <Filter>Render\Model</Filter>
    </ClCompile>
    <ClCompile Include="..\Engine\ECS\ColliderBroadphase.cpp">
      <Filter>ECS</Filter>
    </ClCompile>
    <ClCompile Include="..\Engine\Render\Effect\EffectParticleSystem.cpp">
      <Filter>Render\Effect</Filter>
    </ClCompile>
    <ClCompile Include="..\Engine\Render\Systems\RenderEffectParticle.cpp">
      <Filter>Render\Systems</Filter>
    </ClCompile>
    <ClCompile Include="..\Engine\Common\Math\Math.cpp">
      <Filter>Common\Math</Filter>
    </ClCompile>
    <ClCompile Include="..\Engine\Dx12\CommandContext\CommandContext.cpp">
      <Filter>Dx12\CommandContext</Filter>
    </ClCompile>
    <ClCompile Include="..\Engine\Dx12\DepthStencil\DepthStencil.cpp">
      <Filter>Dx12\DepthStencil</Filter>
    </ClCompile>
    <ClCompile Include="..\Engine\Dx12\DescriptorHeap\DescriptorHeap.cpp">
      <Filter>Dx12\DescriptorHeap</Filter>
    </ClCompile>
    <ClCompile Include="..\Engine\Dx12\Device\Device.cpp">
      <Filter>Dx12\Device</Filter>
    </ClCompile>
    <ClCompile Include="..\Engine\Dx12\FixFps\FixFps.cpp">
      <Filter>Dx12\FixFps</Filter>
    </ClCompile>
    <ClCompile Include="..\Engine\Dx12\GraphicsPipeline\GraphicsPipeline.cpp">
      <Filter>Dx12\GraphicsPipeline</Filter>
    </ClCompile>
    <ClCompile Include="..\Engine\Dx12\PipelineManager.cpp">
      <Filter>Dx12</Filter>
    </ClCompile>
    <ClCompile Include="..\Engine\Dx12\ShadowMap\ShadowMap.cpp">
      <Filter>Dx12\ShadowMap</Filter>
    </ClCompile>
    <ClCompile Include="..\Engine\Dx12\ShaderCompiler\ShaderCompiler.cpp">
      <Filter>Dx12\ShaderCompiler</Filter>
    </ClCompile>
    <ClCompile Include="..\Engine\Dx12\SRVManager\SRVManager.cpp">
      <Filter>Dx12\SRVManager</Filter>
    </ClCompile>
    <ClCompile Include="..\Engine\Dx12\StructuredBufferManager\StructuredBufferManager.cpp">
      <Filter>Dx12\StructuredBufferManager</Filter>
    </ClCompile>
    <ClCompile Include="..\Engine\Dx12\SwapChain\SwapChain.cpp">
      <Filter>Dx12\SwapChain</Filter>
    </ClCompile>
    <ClCompile Include="..\Engine\Graphics\Light\Area\AreaLightSource.cpp">
      <Filter>Graphics\Light\Area</Filter>
    </ClCompile>
    <ClCompile Include="..\Engine\Graphics\Light\Directional\DirectionalLightSource.cpp">
      <Filter>Graphics\Light\Directional</Filter>
    </ClCompile>
    <ClCompile Include="..\Engine\Graphics\Light\Point\PointLightSource.cpp">
      <Filter>Graphics\Light\Point</Filter>
    </ClCompile>
    <ClCompile Include="..\Engine\Graphics\Light\Spot\SpotLightSource.cpp">
      <Filter>Graphics\Light\Spot</Filter>
    </ClCompile>
    <ClCompile Include="..\Engine\Graphics\Model\Animation.cpp">
      <Filter>Graphics\Model</Filter>
    </ClCompile>
    <ClCompile Include="..\Engine\Graphics\Model\ModelMesh.cpp">
      <Filter>Graphics\Model</Filter>
    </ClCompile>
    <ClCompile Include="..\Engine\Graphics\Model\ModelObject.cpp">
      <Filter>Graphics\Model</Filter>
    </ClCompile>
    <ClCompile Include="..\Engine\Graphics\Model\ModelResource.cpp">
      <Filter>Graphics\Model</Filter>
    </ClCompile>
    <ClCompile Include="..\Engine\Graphics\Primitive\Primitive2D.cpp">
      <Filter>Graphics\Primitive</Filter>
    </ClCompile>
    <ClCompile Include="..\Engine\Graphics\Primitive\Primitive3D.cpp">
      <Filter>Graphics\Primitive</Filter>
    </ClCompile>
    <ClCompile Include="..\Engine\Particle\ParticleManager.cpp">
      <Filter>Particle</Filter>
    </ClCompile>
    <ClCompile Include="..\Engine\Particle\GPUParticle.cpp">
      <Filter>Particle</Filter>
    </ClCompile>
    <ClCompile Include="..\Engine\Audio\Sound.cpp">
      <Filter>Audio</Filter>
    </ClCompile>
    <ClCompile Include="..\Engine\Audio\AudioEngine.cpp">
      <Filter>Audio</Filter>
    </ClCompile>
    <ClCompile Include="..\Engine\Graphics\Skydome\Skydome.cpp">
      <Filter>Graphics\Skydome</Filter>
    </ClCompile>
    <ClCompile Include="..\Engine\Graphics\Skybox\Skybox.cpp">
      <Filter>Graphics\Skybox</Filter>
    </ClCompile>
    <ClCompile Include="..\Engine\Graphics\Mesh\MeshGenerator.cpp">
      <Filter>Graphics\Mesh</Filter>
    </ClCompile>
    <ClCompile Include="..\Engine\Graphics\Mesh\PrimitiveMesh.cpp">
      <Filter>Graphics\Mesh</Filter>
    </ClCompile>
    <ClCompile Include="..\Engine\Graphics\Sprite\Sprite2D.cpp">
      <Filter>Graphics\Sprite</Filter>
    </ClCompile>
    <ClCompile Include="..\Engine\Graphics\Sprite\SpriteMesh2D.cpp">
      <Filter>Graphics\Sprite</Filter>
    </ClCompile>
    <ClCompile Include="..\Engine\Graphics\Font\FontAtlas.cpp">
      <Filter>Graphics\Font</Filter>
    </ClCompile>
    <ClCompile Include="..\Engine\Graphics\Font\TextMeshGenerator.cpp">
      <Filter>Graphics\Font</Filter>
    </ClCompile>
    <ClCompile Include="..\Engine\Graphics\Texture\Texture2D\Texture2D.cpp">
      <Filter>Graphics\Texture\Texture2D</Filter>
    </ClCompile>
    <ClCompile Include="..\Engine\Graphics\Texture\TextureManager\TextureManager.cpp">
      <Filter>Graphics\Texture\TextureManager</Filter>
    </ClCompile>
    <ClCompile Include="..\Engine\ImGuiManager\ImGuiManager.cpp">
      <Filter>ImGuiManager</Filter>
    </ClCompile>
    <ClCompile Include="..\Engine\Input\Input.cpp">
      <Filter>Input</Filter>
    </ClCompile>
    <ClCompile Include="..\Engine\Particle\Circle\CircleParticle.cpp">
      <Filter>Particle\Circle</Filter>
    </ClCompile>
    <ClCompile Include="..\Engine\Particle\Explosion\ExplosionParticle.cpp">
      <Filter>Particle\Explosion</Filter>
    </ClCompile>
    <ClCompile Include="..\Engine\Particle\Fire\FireParticle.cpp">
      <Filter>Particle\Fire</Filter>
    </ClCompile>
    <ClCompile Include="..\Engine\Particle\ImpactSpark\ImpactSparkParticle.cpp">
      <Filter>Particle\ImpactSpark</Filter>
    </ClCompile>
    <ClCompile Include="..\Engine\Particle\Flash\FlashParticle.cpp">
      <Filter>Particle\Flash</Filter>
    </ClCompile>
    <ClCompile Include="..\Engine\Particle\Laser\LaserParticle.cpp">
      <Filter>Particle\Laser</Filter>
    </ClCompile>
    <ClCompile Include="..\Engine\Particle\Particle.cpp">
      <Filter>Particle</Filter>
    </ClCompile>
    <ClCompile Include="..\Engine\Particle\Rain\RainParticle.cpp">
      <Filter>Particle\Rain</Filter>
    </ClCompile>
    <ClCompile Include="..\Engine\Particle\Snow\SnowParticle.cpp">
      <Filter>Particle\Snow</Filter>
    </ClCompile>
    <ClCompile Include="..\Engine\Particle\wind\WindParticle.cpp">
      <Filter>Particle\wind</Filter>
    </ClCompile>
    <ClCompile Include="..\Engine\Particle\Ring\RingParticle.cpp">
      <Filter>Particle\Ring</Filter>
    </ClCompile>
    <ClCompile Include="..\Engine\Particle\Cylinder\CylinderParticle.cpp">
      <Filter>Particle\Cylinder</Filter>
    </ClCompile>
    <ClCompile Include="..\Engine\Render\Light\Area\AreaLightManager.cpp">
      <Filter>Render\Light\Area</Filter>
    </ClCompile>
    <ClCompile Include="..\Engine\Render\Light\Directional\DirectionalLightManager.cpp">
      <Filter>Render\Light\Directional</Filter>
    </ClCompile>
    <ClCompile Include="..\Engine\Render\Light\Point\PointLightManager.cpp">
      <Filter>Render\Light\Point</Filter>
    </ClCompile>
    <ClCompile Include="..\Engine\Render\Light\Spot\SpotLightManager.cpp">
      <Filter>Render\Light\Spot</Filter>
    </ClCompile>
    <ClCompile Include="..\Engine\Render\Model\ModelManager.cpp">
      <Filter>Render\Model</Filter>
    </ClCompile>
    <ClCompile Include="..\Engine\Render\Systems\RenderCommon.cpp">
      <Filter>Render\Systems</Filter>
    </ClCompile>
    <ClCompile Include="..\Engine\Render\Systems\RenderContext.cpp">
      <Filter>Render\Systems</Filter>
    </ClCompile>
    <ClCompile Include="..\Engine\Render\Systems\RenderLight.cpp">
      <Filter>Render\Systems</Filter>
    </ClCompile>
    <ClCompile Include="..\Engine\Render\Systems\RenderModel.cpp">
      <Filter>Render\Systems</Filter>
    </ClCompile>
    <ClCompile Include="..\Engine\Render\Systems\RenderPrimitive.cpp">
      <Filter>Render\Systems</Filter>
    </ClCompile>
    <ClCompile Include="..\Engine\Render\Systems\RenderSkydome.cpp">
      <Filter>Render\Systems</Filter>
    </ClCompile>
    <ClCompile Include="..\Engine\Render\Systems\RenderPrimitiveMesh.cpp">
      <Filter>Render\Systems</Filter>
    </ClCompile>
    <ClCompile Include="..\Engine\Render\Systems\RenderSprite.cpp">
      <Filter>Render\Systems</Filter>
    </ClCompile>
    <ClCompile Include="..\Engine\Render\Systems\RenderFont.cpp">
      <Filter>Render\Systems</Filter>
    </ClCompile>
    <ClCompile Include="..\Engine\Render\Systems\RenderInteractiveWater.cpp">
      <Filter>Render\Systems</Filter>
    </ClCompile>
    <ClCompile Include="..\Engine\Render\Skydome\SkydomeManager.cpp">
      <Filter>Render\Skydome</Filter>
    </ClCompile>
    <ClCompile Include="..\Engine\Render\Skybox\SkyboxManager.cpp">
      <Filter>Render\Skybox</Filter>
    </ClCompile>
    <ClCompile Include="..\Engine\Render\Systems\RenderSkybox.cpp">
      <Filter>Render\Systems</Filter>
    </ClCompile>
    <ClCompile Include="..\Engine\Render\Systems\FrameResource.cpp">
      <Filter>Render\Systems</Filter>
    </ClCompile>
    <ClCompile Include="..\Engine\Render\Mesh\PrimitiveMeshManager.cpp">
      <Filter>Render\Mesh</Filter>
    </ClCompile>
    <ClCompile Include="..\Engine\Render\Sprite\SpriteManager.cpp">
      <Filter>Render\Sprite</Filter>
    </ClCompile>
    <ClCompile Include="..\Engine\Render\Font\FontManager.cpp">
      <Filter>Render\Font</Filter>
    </ClCompile>
    <ClCompile Include="..\Engine\Window\Window.cpp">
      <Filter>Window</Filter>
    </ClCompile>
    <ClCompile Include="..\Engine\Camera\CameraController.cpp">
      <Filter>Camera</Filter>
    </ClCompile>
    <ClCompile Include="Dx12\Dx12Core.cpp">
      <Filter>Dx12</Filter>
    </ClCompile>
    <ClCompile Include="Input\Controller\Controller.cpp">
      <Filter>Input\Controller</Filter>
    </ClCompile>
    <ClCompile Include="Input\Mouse\Mouse.cpp">
      <Filter>Input\Mouse</Filter>
    </ClCompile>
    <ClCompile Include="Input\Keyboard\Keyboard.cpp">
      <Filter>Input\Keyboard</Filter>
    </ClCompile>
    <ClCompile Include="Graphics\Texture\RenderTexture\RenderTexture.cpp">
      <Filter>Graphics\Texture\RenderTexture</Filter>
    </ClCompile>
    <ClCompile Include="Graphics\PostProcess\PostProcess.cpp">
      <Filter>Graphics\PostProcess</Filter>
    </ClCompile>
  </ItemGroup>
  <ItemGroup>
    <ClInclude Include="..\Engine\Camera\DebugCamera\DebugCamera.h">
      <Filter>Camera\DebugCamera</Filter>
    </ClInclude>
    <ClInclude Include="..\Engine\Camera\MainCamera\MainCamera.h">
      <Filter>Camera\MainCamera</Filter>
    </ClInclude>
    <ClInclude Include="..\Engine\Common\function\function.h">
      <Filter>Common\function</Filter>
    </ClInclude>
    <ClInclude Include="..\Engine\Common\ResourcePath.h">
      <Filter>Common</Filter>
    </ClInclude>
    <ClInclude Include="..\Engine\Common\Log\Log.h">
      <Filter>Common\Log</Filter>
    </ClInclude>
    <ClInclude Include="..\Engine\Common\Math\BoundingBox.h">
      <Filter>Common\Math</Filter>
    </ClInclude>
    <ClInclude Include="..\Engine\Common\Math\DynamicBVH.h">
      <Filter>Common\Math</Filter>
    </ClInclude>
    <ClInclude Include="..\Engine\Render\Model\ModelProxyPool.h">
      <Filter>Render\Model</Filter>
    </ClInclude>
    <ClInclude Include="..\Engine\Render\Model\ModelInstanceBatcher.h">
      <Filter>Render\Model</Filter>
    </ClInclude>
    <ClInclude Include="..\Engine\ECS\ColliderBroadphase.h">
      <Filter>ECS</Filter>
    </ClInclude>
    <ClInclude Include="..\Engine\Render\Effect\EffectParticleSystem.h">
      <Filter>Render\Effect</Filter>
    </ClInclude>
    <ClInclude Include="..\Engine\Common\FrameProfiler.h">
      <Filter>Common</Filter>
    </ClInclude>
    <ClInclude Include="..\Engine\Common\Math\Math.h">
      <Filter>Common\Math</Filter>
    </ClInclude>
    <ClInclude Include="..\Engine\Common\Math\MathTypes.h">
      <Filter>Common\Math</Filter>
    </ClInclude>
    <ClInclude Include="..\Engine\Common\Math\MathUtils.h">
      <Filter>Common\Math</Filter>
    </ClInclude>
    <ClInclude Include="..\Engine\Common\RC.h">
      <Filter>Common</Filter>
    </ClInclude>
    <ClInclude Include="..\Engine\Common\struct.h">
      <Filter>Common</Filter>
    </ClInclude>
    <ClInclude Include="Common\SceneContext.h">
      <Filter>Common</Filter>
    </ClInclude>
    <ClInclude Include="..\Engine\Dx12\CommandContext\CommandContext.h">
      <Filter>Dx12\CommandContext</Filter>
    </ClInclude>
    <ClInclude Include="..\Engine\Dx12\DepthStencil\DepthStencil.h">
      <Filter>Dx12\DepthStencil</Filter>
    </ClInclude>
    <ClInclude Include="..\Engine\Dx12\DescriptorHeap\DescriptorHeap.h">
      <Filter>Dx12\DescriptorHeap</Filter>
    </ClInclude>
    <ClInclude Include="..\Engine\Dx12\Device\Device.h">
      <Filter>Dx12\Device</Filter>
    </ClInclude>
    <ClInclude Include="..\Engine\Dx12\Dx12Core.h">
      <Filter>Dx12</Filter>
    </ClInclude>
    <ClInclude Include="..\Engine\Dx12\FixFps\FixFps.h">
      <Filter>Dx12\FixFps</Filter>
    </ClInclude>
    <ClInclude Include="..\Engine\Dx12\GraphicsPipeline\GraphicsPipeline.h">
      <Filter>Dx12\GraphicsPipeline</Filter>
    </ClInclude>
    <ClInclude Include="..\Engine\Dx12\PipelineManager.h">
      <Filter>Dx12</Filter>
    </ClInclude>
    <ClInclude Include="..\Engine\Dx12\ShadowMap\ShadowMap.h">
      <Filter>Dx12\ShadowMap</Filter>
    </ClInclude>
    <ClInclude Include="..\Engine\Dx12\ShaderCompiler\ShaderCompiler.h">
      <Filter>Dx12\ShaderCompiler</Filter>
    </ClInclude>
    <ClInclude Include="..\Engine\Dx12\SRVManager\SRVManager.h">
      <Filter>Dx12\SRVManager</Filter>
    </ClInclude>
    <ClInclude Include="..\Engine\Dx12\StructuredBufferManager\StructuredBufferManager.h">
      <Filter>Dx12\StructuredBufferManager</Filter>
    </ClInclude>
    <ClInclude Include="..\Engine\Dx12\SwapChain\SwapChain.h">
      <Filter>Dx12\SwapChain</Filter>
    </ClInclude>
    <ClInclude Include="..\Engine\Graphics\Light\Area\AreaLightSource.h">
      <Filter>Graphics\Light\Area</Filter>
    </ClInclude>
    <ClInclude Include="..\Engine\Graphics\Light\Directional\DirectionalLightSource.h">
      <Filter>Graphics\Light\Directional</Filter>
    </ClInclude>
    <ClInclude Include="..\Engine\Graphics\Light\Point\PointLightSource.h">
      <Filter>Graphics\Light\Point</Filter>
    </ClInclude>
    <ClInclude Include="..\Engine\Graphics\Light\Spot\SpotLightSource.h">
      <Filter>Graphics\Light\Spot</Filter>
    </ClInclude>
    <ClInclude Include="..\Engine\Graphics\Model\Animation.h">
      <Filter>Graphics\Model</Filter>
    </ClInclude>
    <ClInclude Include="..\Engine\Graphics\Model\ModelMesh.h">
      <Filter>Graphics\Model</Filter>
    </ClInclude>
    <ClInclude Include="..\Engine\Graphics\Model\ModelObject.h">
      <Filter>Graphics\Model</Filter>
    </ClInclude>
    <ClInclude Include="..\Engine\Graphics\Model\ModelResource.h">
      <Filter>Graphics\Model</Filter>
    </ClInclude>
    <ClInclude Include="..\Engine\Graphics\Primitive\Primitive2D.h">
      <Filter>Graphics\Primitive</Filter>
    </ClInclude>
    <ClInclude Include="..\Engine\Graphics\Primitive\Primitive3D.h">
      <Filter>Graphics\Primitive</Filter>
    </ClInclude>
    <ClInclude Include="..\Engine\Particle\ParticleManager.h">
      <Filter>Particle</Filter>
    </ClInclude>
    <ClInclude Include="..\Engine\Particle\GPUParticle.h">
      <Filter>Particle</Filter>
    </ClInclude>
    <ClInclude Include="..\Engine\Particle\EffectPreset.h">
      <Filter>Particle</Filter>
    </ClInclude>
    <ClInclude Include="..\Engine\Audio\AudioEngine.h">
      <Filter>Audio</Filter>
    </ClInclude>
    <ClInclude Include="..\Engine\Audio\Sound.h">
      <Filter>Audio</Filter>
    </ClInclude>
    <ClInclude Include="..\Engine\Graphics\Skydome\Skydome.h">
      <Filter>Graphics\Skydome</Filter>
    </ClInclude>
    <ClInclude Include="..\Engine\Graphics\Mesh\MeshGenerator.h">
      <Filter>Graphics\Mesh</Filter>
    </ClInclude>
    <ClInclude Include="..\Engine\Graphics\Mesh\PrimitiveMesh.h">
      <Filter>Graphics\Mesh</Filter>
    </ClInclude>
    <ClInclude Include="..\Engine\Graphics\Sprite\Sprite2D.h">
      <Filter>Graphics\Sprite</Filter>
    </ClInclude>
    <ClInclude Include="..\Engine\Graphics\Sprite\SpriteMesh2D.h">
      <Filter>Graphics\Sprite</Filter>
    </ClInclude>
    <ClInclude Include="..\Engine\Graphics\Font\FontAtlas.h">
      <Filter>Graphics\Font</Filter>
    </ClInclude>
    <ClInclude Include="..\Engine\Graphics\Font\TextMeshGenerator.h">
      <Filter>Graphics\Font</Filter>
    </ClInclude>
    <ClInclude Include="..\Engine\Graphics\Texture\Texture2D\Texture2D.h">
      <Filter>Graphics\Texture\Texture2D</Filter>
    </ClInclude>
    <ClInclude Include="..\Engine\Graphics\Texture\TextureManager\TextureManager.h">
      <Filter>Graphics\Texture\TextureManager</Filter>
    </ClInclude>
    <ClInclude Include="..\Engine\ImGuiManager\ImGuiManager.h">
      <Filter>ImGuiManager</Filter>
    </ClInclude>
    <ClInclude Include="..\Engine\Input\Input.h">
      <Filter>Input</Filter>
    </ClInclude>
    <ClInclude Include="..\Engine\Particle\Circle\CircleParticle.h">
      <Filter>Particle\Circle</Filter>
    </ClInclude>
    <ClInclude Include="..\Engine\Particle\Explosion\ExplosionParticle.h">
      <Filter>Particle\Explosion</Filter>
    </ClInclude>
    <ClInclude Include="..\Engine\Particle\Fire\FireParticle.h">
      <Filter>Particle\Fire</Filter>
    </ClInclude>
    <ClInclude Include="..\Engine\Particle\ImpactSpark\ImpactSparkParticle.h">
      <Filter>Particle\ImpactSpark</Filter>
    </ClInclude>
    <ClInclude Include="..\Engine\Particle\Flash\FlashParticle.h">
      <Filter>Particle\Flash</Filter>
    </ClInclude>
    <ClInclude Include="..\Engine\Particle\Laser\LaserParticle.h">
      <Filter>Particle\Laser</Filter>
    </ClInclude>
    <ClInclude Include="..\Engine\Particle\Particle.h">
      <Filter>Particle</Filter>
    </ClInclude>
    <ClInclude Include="..\Engine\Particle\Rain\RainParticle.h">
      <Filter>Particle\Rain</Filter>
    </ClInclude>
    <ClInclude Include="..\Engine\Particle\Snow\SnowParticle.h">
      <Filter>Particle\Snow</Filter>
    </ClInclude>
    <ClInclude Include="..\Engine\Particle\wind\WindParticle.h">
      <Filter>Particle\wind</Filter>
    </ClInclude>
    <ClInclude Include="..\Engine\Particle\Ring\RingParticle.h">
      <Filter>Particle\Ring</Filter>
    </ClInclude>
    <ClInclude Include="..\Engine\Particle\Cylinder\CylinderParticle.h">
      <Filter>Particle\Cylinder</Filter>
    </ClInclude>
    <ClInclude Include="..\Engine\Render\Light\Area\AreaLightManager.h">
      <Filter>Render\Light\Area</Filter>
    </ClInclude>
    <ClInclude Include="..\Engine\Render\Light\Directional\DirectionalLightManager.h">
      <Filter>Render\Light\Directional</Filter>
    </ClInclude>
    <ClInclude Include="..\Engine\Render\Light\Point\PointLightManager.h">
      <Filter>Render\Light\Point</Filter>
    </ClInclude>
    <ClInclude Include="..\Engine\Render\Light\Spot\SpotLightManager.h">
      <Filter>Render\Light\Spot</Filter>
    </ClInclude>
    <ClInclude Include="..\Engine\Render\Model\ModelManager.h">
      <Filter>Render\Model</Filter>
    </ClInclude>
    <ClInclude Include="..\Engine\Render\RenderCommon.h">
      <Filter>Render</Filter>
    </ClInclude>
    <ClInclude Include="..\Engine\Render\Systems\RenderInteractiveWater.h">
      <Filter>Render\Systems</Filter>
    </ClInclude>
    <ClInclude Include="..\Engine\Render\RenderContext.h">
      <Filter>Render</Filter>
    </ClInclude>
    <ClInclude Include="..\Engine\Render\SortKey.h">
      <Filter>Render</Filter>
    </ClInclude>
    <ClInclude Include="..\Engine\Render\FrameResource.h">
      <Filter>Render</Filter>
    </ClInclude>
    <ClInclude Include="..\Engine\Render\Skydome\SkydomeManager.h">
      <Filter>Render\Skydome</Filter>
    </ClInclude>
    <ClInclude Include="..\Engine\Render\Skybox\SkyboxManager.h">
      <Filter>Render\Skybox</Filter>
    </ClInclude>
    <ClInclude Include="..\Engine\Graphics\Skybox\Skybox.h">
      <Filter>Graphics\Skybox</Filter>
    </ClInclude>
    <ClInclude Include="..\Engine\Render\Mesh\PrimitiveMeshManager.h">
      <Filter>Render\Mesh</Filter>
    </ClInclude>
    <ClInclude Include="..\Engine\Render\Sprite\SpriteManager.h">
      <Filter>Render\Sprite</Filter>
    </ClInclude>
    <ClInclude Include="..\Engine\Render\Font\FontManager.h">
      <Filter>Render\Font</Filter>
    </ClInclude>
    <ClInclude Include="..\Engine\Window\Window.h">
      <Filter>Window</Filter>
    </ClInclude>
    <ClInclude Include="..\Engine\Camera\CameraController.h">
      <Filter>Camera</Filter>
    </ClInclude>
    <ClInclude Include="..\Engine\Camera\CameraMath.h">
      <Filter>Camera</Filter>
    </ClInclude>
    <ClInclude Include="Input\Controller\Controller.h">
      <Filter>Input\Controller</Filter>
    </ClInclude>
    <ClInclude Include="Input\Mouse\Mouse.h">
      <Filter>Input\Mouse</Filter>
    </ClInclude>
    <ClInclude Include="Input\Keyboard\Keyboard.h">
      <Filter>Input\Keyboard</Filter>
    </ClInclude>
    <ClInclude Include="Common\EngineConfig.h" />
    <ClInclude Include="Graphics\Texture\RenderTexture\RenderTexture.h">
      <Filter>Graphics\Texture\RenderTexture</Filter>
    </ClInclude>
    <ClInclude Include="Graphics\PostProcess\PostProcess.h">
      <Filter>Graphics\PostProcess</Filter>
    </ClInclude>
    <ClInclude Include="..\Engine\ECS\IComponent.h">
      <Filter>ECS</Filter>
    </ClInclude>
    <ClInclude Include="..\Engine\ECS\Entity.h">
      <Filter>ECS</Filter>
    </ClInclude>
    <ClInclude Include="..\Engine\ECS\TransformComponent.h">
      <Filter>ECS</Filter>
    </ClInclude>
    <ClInclude Include="..\Engine\ECS\ModelRendererComponent.h">
      <Filter>ECS</Filter>
    </ClInclude>
    <ClInclude Include="..\Engine\ECS\ColliderComponent.h">
      <Filter>ECS</Filter>
    </ClInclude>
    <ClInclude Include="..\Engine\ECS\AudioSourceComponent.h">
      <Filter>ECS</Filter>
    </ClInclude>
    <ClInclude Include="..\Engine\ECS\AudioListenerComponent.h">
      <Filter>ECS</Filter>
    </ClInclude>
    <ClInclude Include="..\Engine\ECS\TextRendererComponent.h">
      <Filter>ECS</Filter>
    </ClInclude>
    <ClInclude Include="..\Engine\ECS\TextMeshComponent.h">
      <Filter>ECS</Filter>
    </ClInclude>
    <ClInclude Include="..\Engine\ECS\BoneAttachmentComponent.h">
      <Filter>ECS</Filter>
    </ClInclude>
  </ItemGroup>
  <ItemGroup>
    <None Include="..\Resources\Shader\Object3d\Object3d.hlsli">
      <Filter>Resources\Shader\Object3d</Filter>
    </None>
    <None Include="..\Resources\Shader\Particle\Particle.hlsli">
      <Filter>Resources\Shader\Particle</Filter>
    </None>
    <None Include="..\Resources\Shader\Particle\GPUParticle.hlsli">
      <Filter>Resources\Shader\Particle</Filter>
    </None>
    <None Include="..\Resources\Shader\Skybox\Skybox.hlsli">
      <Filter>Resources\Shader\Skybox</Filter>
    </None>
  </ItemGroup>
</Project>